{
  "name": "src",
  "version": "1.0.0",
  "lockfileVersion": 1,
  "requires": true,
  "dependencies": {
    "vm2": {
      "version": "3.6.9",
      "resolved": "https://registry.npmjs.org/vm2/-/vm2-3.6.9.tgz",
      "integrity": "sha512-IlG0nXTv4Z5G7k6943dRcngb2GSsyYdL/QhwfjP+WRyTtpEtR6WAGR9oD45wZWASkMqhzx0+CYTnnhfZHNZYCw=="
    }
  }
}
